
Microsoft Visual Studio Solution File, Format Version 12.00
# Visual Studio Version 17
VisualStudioVersion = 17.14.36414.22
MinimumVisualStudioVersion = 10.0.40219.1
Project("{2150E333-8FDC-42A3-9474-1A3956D46DE8}") = "Task 0", "Task 0", "{02EA681E-C7D8-13C7-8484-4AC65E1B71E8}"
EndProject
Project("{FAE04EC0-301F-11D3-BF4B-00C04F79EFBC}") = "Tyuiu.PankovaAA.Sprint2.Task0.V2", "Tyuiu.PankovaAA.Sprint2.Task0.V2\Tyuiu.PankovaAA.Sprint2.Task0.V2.csproj", "{FB3E96AF-E197-419A-A4CD-7EAC8DA36051}"
EndProject
Project("{FAE04EC0-301F-11D3-BF4B-00C04F79EFBC}") = "Tyuiu.PankovaAA.Sprint2.Task0.V2.Lib", "Tyuiu.PankovaAA.Sprint2.Task0.V2.Lib\Tyuiu.PankovaAA.Sprint2.Task0.V2.Lib.csproj", "{E57567A2-9D9D-46C2-BDAF-F03DAA8E2F29}"
EndProject
Project("{FAE04EC0-301F-11D3-BF4B-00C04F79EFBC}") = "Tyuiu.PankovaAA.Sprint2.Task0.V2.Test", "Tyuiu.PankovaAA.Sprint2.Task0.V2.Test\Tyuiu.PankovaAA.Sprint2.Task0.V2.Test.csproj", "{D082F826-43EA-4421-A9F2-1C20D26A8B23}"
EndProject
Project("{2150E333-8FDC-42A3-9474-1A3956D46DE8}") = "Task 1", "Task 1", "{4BB3064C-6973-4950-9C25-84F05D3F4D7C}"
EndProject
Project("{FAE04EC0-301F-11D3-BF4B-00C04F79EFBC}") = "Tyuiu.PankovaAA.Sprint2.Task1.V9", "Tyuiu.PankovaAA.Sprint2.Task1.V9\Tyuiu.PankovaAA.Sprint2.Task1.V9.csproj", "{89CB3DB2-BB7D-4586-80BA-BB5D78C62CC5}"
EndProject
Project("{FAE04EC0-301F-11D3-BF4B-00C04F79EFBC}") = "Tyuiu.PankovaAA.Sprint2.Task1.V9.Test", "Tyuiu.PankovaAA.Sprint2.Task1.V9.Test\Tyuiu.PankovaAA.Sprint2.Task1.V9.Test.csproj", "{A14F647B-648B-441C-8CB7-973703A27C1B}"
EndProject
Project("{FAE04EC0-301F-11D3-BF4B-00C04F79EFBC}") = "Tyuiu.PankovaAA.Sprint2.Task1.V9.Lib", "Tyuiu.PankovaAA.Sprint2.Task1.V9.Lib\Tyuiu.PankovaAA.Sprint2.Task1.V9.Lib.csproj", "{20BFC3D8-CBF9-4EA4-8928-91745F864A2C}"
EndProject
Project("{2150E333-8FDC-42A3-9474-1A3956D46DE8}") = "Task 2", "Task 2", "{8620D4D6-D63D-45A5-A234-431A859EEFC4}"
EndProject
Project("{FAE04EC0-301F-11D3-BF4B-00C04F79EFBC}") = "Tyuiu.PankovaAA.Sprint2.Task2.V20", "Tyuiu.PankovaAA.Sprint2.Task2.V20\Tyuiu.PankovaAA.Sprint2.Task2.V20.csproj", "{7163EE2F-07D7-48B6-9DD1-48ACE5025CCE}"
EndProject
Project("{FAE04EC0-301F-11D3-BF4B-00C04F79EFBC}") = "Tyuiu.PankovaAA.Sprint2.Task2.V20.Lib", "Tyuiu.PankovaAA.Sprint2.Task2.V20.Lib\Tyuiu.PankovaAA.Sprint2.Task2.V20.Lib.csproj", "{A7E08889-B86A-412C-8125-9DC863F47A82}"
EndProject
Project("{FAE04EC0-301F-11D3-BF4B-00C04F79EFBC}") = "Tyuiu.PankovaAA.Sprint2.Task2.V20.Test", "Tyuiu.PankovaAA.Sprint2.Task2.V20.Test\Tyuiu.PankovaAA.Sprint2.Task2.V20.Test.csproj", "{6EFDB617-E2DB-4518-90F2-6FECC333D532}"
EndProject
Project("{2150E333-8FDC-42A3-9474-1A3956D46DE8}") = "Task 3", "Task 3", "{7C27AF01-816A-4B81-85EE-C684F26A5554}"
EndProject
Project("{FAE04EC0-301F-11D3-BF4B-00C04F79EFBC}") = "Tyuiu.PankovaAA.Sprint2.Task3.V11", "Tyuiu.PankovaAA.Sprint2.Task3.V11\Tyuiu.PankovaAA.Sprint2.Task3.V11.csproj", "{45D16C32-4CE4-4672-A534-0C70B0CB1363}"
EndProject
Project("{FAE04EC0-301F-11D3-BF4B-00C04F79EFBC}") = "Tyuiu.PankovaAA.Sprint2.Task3.V11.Lib", "Tyuiu.PankovaAA.Sprint2.Task3.V11.Lib\Tyuiu.PankovaAA.Sprint2.Task3.V11.Lib.csproj", "{BCE7E726-7578-4372-A359-1CEA47758723}"
EndProject
Project("{FAE04EC0-301F-11D3-BF4B-00C04F79EFBC}") = "Tyuiu.PankovaAA.Sprint2.Task3.V11.Test", "Tyuiu.PankovaAA.Sprint2.Task3.V11.Test\Tyuiu.PankovaAA.Sprint2.Task3.V11.Test.csproj", "{12807BF9-122D-47A5-A451-E098122C8B87}"
EndProject
Project("{2150E333-8FDC-42A3-9474-1A3956D46DE8}") = "Task 4", "Task 4", "{477E5562-8C0A-4D9F-9C3B-C241DAA583E9}"
EndProject
Project("{FAE04EC0-301F-11D3-BF4B-00C04F79EFBC}") = "Tyuiu.PankovaAA.Sprint2.Task4.V28.Test", "Tyuiu.PankovaAA.Sprint2.Task4.V28.Test\Tyuiu.PankovaAA.Sprint2.Task4.V28.Test.csproj", "{86816D44-C7AB-476C-89F7-893423F58A52}"
EndProject
Project("{FAE04EC0-301F-11D3-BF4B-00C04F79EFBC}") = "Tyuiu.PankovaAA.Sprint2.Task4.V28.Lib", "Tyuiu.PankovaAA.Sprint2.Task4.V28.Lib\Tyuiu.PankovaAA.Sprint2.Task4.V28.Lib.csproj", "{38BD0013-FD4C-45E3-B2E2-33C6C5BE5AB6}"
EndProject
Project("{FAE04EC0-301F-11D3-BF4B-00C04F79EFBC}") = "Tyuiu.PankovaAA.Sprint2.Task4.V28", "Tyuiu.PankovaAA.Sprint2.Task4.V28\Tyuiu.PankovaAA.Sprint2.Task4.V28.csproj", "{21CFF5D1-0AFE-4A20-9BF2-C8857EF5DC20}"
EndProject
Project("{2150E333-8FDC-42A3-9474-1A3956D46DE8}") = "Task 5", "Task 5", "{4BD9CE08-F9A5-4330-9306-8C31CC9477DD}"
EndProject
Project("{FAE04EC0-301F-11D3-BF4B-00C04F79EFBC}") = "Tyuiu.PankovaAA.Sprint2.Task5.V12", "Tyuiu.PankovaAA.Sprint2.Task5.V12\Tyuiu.PankovaAA.Sprint2.Task5.V12.csproj", "{74F3B302-FDCC-4469-905B-983B39D6957D}"
EndProject
Project("{FAE04EC0-301F-11D3-BF4B-00C04F79EFBC}") = "Tyuiu.PankovaAA.Sprint2.Task5.V12.Lib", "Tyuiu.PankovaAA.Sprint2.Task5.V12.Lib\Tyuiu.PankovaAA.Sprint2.Task5.V12.Lib.csproj", "{A7C77186-45CA-44B8-BD3C-0F47C79F45F6}"
EndProject
Project("{FAE04EC0-301F-11D3-BF4B-00C04F79EFBC}") = "Tyuiu.PankovaAA.Sprint2.Task5.V12.Test", "Tyuiu.PankovaAA.Sprint2.Task5.V12.Test\Tyuiu.PankovaAA.Sprint2.Task5.V12.Test.csproj", "{C8681C65-4B60-47C8-BDC2-AF93F13EF68A}"
EndProject
Global
	GlobalSection(SolutionConfigurationPlatforms) = preSolution
		Debug|Any CPU = Debug|Any CPU
		Release|Any CPU = Release|Any CPU
	EndGlobalSection
	GlobalSection(ProjectConfigurationPlatforms) = postSolution
		{FB3E96AF-E197-419A-A4CD-7EAC8DA36051}.Debug|Any CPU.ActiveCfg = Debug|Any CPU
		{FB3E96AF-E197-419A-A4CD-7EAC8DA36051}.Debug|Any CPU.Build.0 = Debug|Any CPU
		{FB3E96AF-E197-419A-A4CD-7EAC8DA36051}.Release|Any CPU.ActiveCfg = Release|Any CPU
		{FB3E96AF-E197-419A-A4CD-7EAC8DA36051}.Release|Any CPU.Build.0 = Release|Any CPU
		{E57567A2-9D9D-46C2-BDAF-F03DAA8E2F29}.Debug|Any CPU.ActiveCfg = Debug|Any CPU
		{E57567A2-9D9D-46C2-BDAF-F03DAA8E2F29}.Debug|Any CPU.Build.0 = Debug|Any CPU
		{E57567A2-9D9D-46C2-BDAF-F03DAA8E2F29}.Release|Any CPU.ActiveCfg = Release|Any CPU
		{E57567A2-9D9D-46C2-BDAF-F03DAA8E2F29}.Release|Any CPU.Build.0 = Release|Any CPU
		{D082F826-43EA-4421-A9F2-1C20D26A8B23}.Debug|Any CPU.ActiveCfg = Debug|Any CPU
		{D082F826-43EA-4421-A9F2-1C20D26A8B23}.Debug|Any CPU.Build.0 = Debug|Any CPU
		{D082F826-43EA-4421-A9F2-1C20D26A8B23}.Release|Any CPU.ActiveCfg = Release|Any CPU
		{D082F826-43EA-4421-A9F2-1C20D26A8B23}.Release|Any CPU.Build.0 = Release|Any CPU
		{89CB3DB2-BB7D-4586-80BA-BB5D78C62CC5}.Debug|Any CPU.ActiveCfg = Debug|Any CPU
		{89CB3DB2-BB7D-4586-80BA-BB5D78C62CC5}.Debug|Any CPU.Build.0 = Debug|Any CPU
		{89CB3DB2-BB7D-4586-80BA-BB5D78C62CC5}.Release|Any CPU.ActiveCfg = Release|Any CPU
		{89CB3DB2-BB7D-4586-80BA-BB5D78C62CC5}.Release|Any CPU.Build.0 = Release|Any CPU
		{A14F647B-648B-441C-8CB7-973703A27C1B}.Debug|Any CPU.ActiveCfg = Debug|Any CPU
		{A14F647B-648B-441C-8CB7-973703A27C1B}.Debug|Any CPU.Build.0 = Debug|Any CPU
		{A14F647B-648B-441C-8CB7-973703A27C1B}.Release|Any CPU.ActiveCfg = Release|Any CPU
		{A14F647B-648B-441C-8CB7-973703A27C1B}.Release|Any CPU.Build.0 = Release|Any CPU
		{20BFC3D8-CBF9-4EA4-8928-91745F864A2C}.Debug|Any CPU.ActiveCfg = Debug|Any CPU
		{20BFC3D8-CBF9-4EA4-8928-91745F864A2C}.Debug|Any CPU.Build.0 = Debug|Any CPU
		{20BFC3D8-CBF9-4EA4-8928-91745F864A2C}.Release|Any CPU.ActiveCfg = Release|Any CPU
		{20BFC3D8-CBF9-4EA4-8928-91745F864A2C}.Release|Any CPU.Build.0 = Release|Any CPU
		{7163EE2F-07D7-48B6-9DD1-48ACE5025CCE}.Debug|Any CPU.ActiveCfg = Debug|Any CPU
		{7163EE2F-07D7-48B6-9DD1-48ACE5025CCE}.Debug|Any CPU.Build.0 = Debug|Any CPU
		{7163EE2F-07D7-48B6-9DD1-48ACE5025CCE}.Release|Any CPU.ActiveCfg = Release|Any CPU
		{7163EE2F-07D7-48B6-9DD1-48ACE5025CCE}.Release|Any CPU.Build.0 = Release|Any CPU
		{A7E08889-B86A-412C-8125-9DC863F47A82}.Debug|Any CPU.ActiveCfg = Debug|Any CPU
		{A7E08889-B86A-412C-8125-9DC863F47A82}.Debug|Any CPU.Build.0 = Debug|Any CPU
		{A7E08889-B86A-412C-8125-9DC863F47A82}.Release|Any CPU.ActiveCfg = Release|Any CPU
		{A7E08889-B86A-412C-8125-9DC863F47A82}.Release|Any CPU.Build.0 = Release|Any CPU
		{6EFDB617-E2DB-4518-90F2-6FECC333D532}.Debug|Any CPU.ActiveCfg = Debug|Any CPU
		{6EFDB617-E2DB-4518-90F2-6FECC333D532}.Debug|Any CPU.Build.0 = Debug|Any CPU
		{6EFDB617-E2DB-4518-90F2-6FECC333D532}.Release|Any CPU.ActiveCfg = Release|Any CPU
		{6EFDB617-E2DB-4518-90F2-6FECC333D532}.Release|Any CPU.Build.0 = Release|Any CPU
		{45D16C32-4CE4-4672-A534-0C70B0CB1363}.Debug|Any CPU.ActiveCfg = Debug|Any CPU
		{45D16C32-4CE4-4672-A534-0C70B0CB1363}.Debug|Any CPU.Build.0 = Debug|Any CPU
		{45D16C32-4CE4-4672-A534-0C70B0CB1363}.Release|Any CPU.ActiveCfg = Release|Any CPU
		{45D16C32-4CE4-4672-A534-0C70B0CB1363}.Release|Any CPU.Build.0 = Release|Any CPU
		{BCE7E726-7578-4372-A359-1CEA47758723}.Debug|Any CPU.ActiveCfg = Debug|Any CPU
		{BCE7E726-7578-4372-A359-1CEA47758723}.Debug|Any CPU.Build.0 = Debug|Any CPU
		{BCE7E726-7578-4372-A359-1CEA47758723}.Release|Any CPU.ActiveCfg = Release|Any CPU
		{BCE7E726-7578-4372-A359-1CEA47758723}.Release|Any CPU.Build.0 = Release|Any CPU
		{12807BF9-122D-47A5-A451-E098122C8B87}.Debug|Any CPU.ActiveCfg = Debug|Any CPU
		{12807BF9-122D-47A5-A451-E098122C8B87}.Debug|Any CPU.Build.0 = Debug|Any CPU
		{12807BF9-122D-47A5-A451-E098122C8B87}.Release|Any CPU.ActiveCfg = Release|Any CPU
		{12807BF9-122D-47A5-A451-E098122C8B87}.Release|Any CPU.Build.0 = Release|Any CPU
		{86816D44-C7AB-476C-89F7-893423F58A52}.Debug|Any CPU.ActiveCfg = Debug|Any CPU
		{86816D44-C7AB-476C-89F7-893423F58A52}.Debug|Any CPU.Build.0 = Debug|Any CPU
		{86816D44-C7AB-476C-89F7-893423F58A52}.Release|Any CPU.ActiveCfg = Release|Any CPU
		{86816D44-C7AB-476C-89F7-893423F58A52}.Release|Any CPU.Build.0 = Release|Any CPU
		{38BD0013-FD4C-45E3-B2E2-33C6C5BE5AB6}.Debug|Any CPU.ActiveCfg = Debug|Any CPU
		{38BD0013-FD4C-45E3-B2E2-33C6C5BE5AB6}.Debug|Any CPU.Build.0 = Debug|Any CPU
		{38BD0013-FD4C-45E3-B2E2-33C6C5BE5AB6}.Release|Any CPU.ActiveCfg = Release|Any CPU
		{38BD0013-FD4C-45E3-B2E2-33C6C5BE5AB6}.Release|Any CPU.Build.0 = Release|Any CPU
		{21CFF5D1-0AFE-4A20-9BF2-C8857EF5DC20}.Debug|Any CPU.ActiveCfg = Debug|Any CPU
		{21CFF5D1-0AFE-4A20-9BF2-C8857EF5DC20}.Debug|Any CPU.Build.0 = Debug|Any CPU
		{21CFF5D1-0AFE-4A20-9BF2-C8857EF5DC20}.Release|Any CPU.ActiveCfg = Release|Any CPU
		{21CFF5D1-0AFE-4A20-9BF2-C8857EF5DC20}.Release|Any CPU.Build.0 = Release|Any CPU
		{74F3B302-FDCC-4469-905B-983B39D6957D}.Debug|Any CPU.ActiveCfg = Debug|Any CPU
		{74F3B302-FDCC-4469-905B-983B39D6957D}.Debug|Any CPU.Build.0 = Debug|Any CPU
		{74F3B302-FDCC-4469-905B-983B39D6957D}.Release|Any CPU.ActiveCfg = Release|Any CPU
		{74F3B302-FDCC-4469-905B-983B39D6957D}.Release|Any CPU.Build.0 = Release|Any CPU
		{A7C77186-45CA-44B8-BD3C-0F47C79F45F6}.Debug|Any CPU.ActiveCfg = Debug|Any CPU
		{A7C77186-45CA-44B8-BD3C-0F47C79F45F6}.Debug|Any CPU.Build.0 = Debug|Any CPU
		{A7C77186-45CA-44B8-BD3C-0F47C79F45F6}.Release|Any CPU.ActiveCfg = Release|Any CPU
		{A7C77186-45CA-44B8-BD3C-0F47C79F45F6}.Release|Any CPU.Build.0 = Release|Any CPU
		{C8681C65-4B60-47C8-BDC2-AF93F13EF68A}.Debug|Any CPU.ActiveCfg = Debug|Any CPU
		{C8681C65-4B60-47C8-BDC2-AF93F13EF68A}.Debug|Any CPU.Build.0 = Debug|Any CPU
		{C8681C65-4B60-47C8-BDC2-AF93F13EF68A}.Release|Any CPU.ActiveCfg = Release|Any CPU
		{C8681C65-4B60-47C8-BDC2-AF93F13EF68A}.Release|Any CPU.Build.0 = Release|Any CPU
	EndGlobalSection
	GlobalSection(SolutionProperties) = preSolution
		HideSolutionNode = FALSE
	EndGlobalSection
	GlobalSection(NestedProjects) = preSolution
		{FB3E96AF-E197-419A-A4CD-7EAC8DA36051} = {02EA681E-C7D8-13C7-8484-4AC65E1B71E8}
		{E57567A2-9D9D-46C2-BDAF-F03DAA8E2F29} = {02EA681E-C7D8-13C7-8484-4AC65E1B71E8}
		{D082F826-43EA-4421-A9F2-1C20D26A8B23} = {02EA681E-C7D8-13C7-8484-4AC65E1B71E8}
		{89CB3DB2-BB7D-4586-80BA-BB5D78C62CC5} = {4BB3064C-6973-4950-9C25-84F05D3F4D7C}
		{A14F647B-648B-441C-8CB7-973703A27C1B} = {4BB3064C-6973-4950-9C25-84F05D3F4D7C}
		{20BFC3D8-CBF9-4EA4-8928-91745F864A2C} = {4BB3064C-6973-4950-9C25-84F05D3F4D7C}
		{7163EE2F-07D7-48B6-9DD1-48ACE5025CCE} = {8620D4D6-D63D-45A5-A234-431A859EEFC4}
		{A7E08889-B86A-412C-8125-9DC863F47A82} = {8620D4D6-D63D-45A5-A234-431A859EEFC4}
		{6EFDB617-E2DB-4518-90F2-6FECC333D532} = {8620D4D6-D63D-45A5-A234-431A859EEFC4}
		{45D16C32-4CE4-4672-A534-0C70B0CB1363} = {7C27AF01-816A-4B81-85EE-C684F26A5554}
		{BCE7E726-7578-4372-A359-1CEA47758723} = {7C27AF01-816A-4B81-85EE-C684F26A5554}
		{12807BF9-122D-47A5-A451-E098122C8B87} = {7C27AF01-816A-4B81-85EE-C684F26A5554}
		{86816D44-C7AB-476C-89F7-893423F58A52} = {477E5562-8C0A-4D9F-9C3B-C241DAA583E9}
		{38BD0013-FD4C-45E3-B2E2-33C6C5BE5AB6} = {477E5562-8C0A-4D9F-9C3B-C241DAA583E9}
		{21CFF5D1-0AFE-4A20-9BF2-C8857EF5DC20} = {477E5562-8C0A-4D9F-9C3B-C241DAA583E9}
		{74F3B302-FDCC-4469-905B-983B39D6957D} = {4BD9CE08-F9A5-4330-9306-8C31CC9477DD}
		{A7C77186-45CA-44B8-BD3C-0F47C79F45F6} = {4BD9CE08-F9A5-4330-9306-8C31CC9477DD}
		{C8681C65-4B60-47C8-BDC2-AF93F13EF68A} = {4BD9CE08-F9A5-4330-9306-8C31CC9477DD}
	EndGlobalSection
	GlobalSection(ExtensibilityGlobals) = postSolution
		SolutionGuid = {3CA2F66D-2554-4B43-9209-5E97DA47ADA0}
	EndGlobalSection
EndGlobal
